
Microsoft Visual Studio Solution File, Format Version 12.00
# Visual Studio Version 17
VisualStudioVersion = 17.0.31903.59
MinimumVisualStudioVersion = 10.0.40219.1
Project("{FAE04EC0-301F-11D3-BF4B-00C04F79EFBC}") = "SmoothOperator", "SmoothOperator\SmoothOperator.csproj", "{D6932D13-E8F4-43F9-AA3E-33910071FDC0}"
EndProject
Project("{FAE04EC0-301F-11D3-BF4B-00C04F79EFBC}") = "Cilindro", "Cilindro\Cilindro.csproj", "{950BAF58-882F-40EB-9A60-5A63162EE1F5}"
EndProject
Project("{FAE04EC0-301F-11D3-BF4B-00C04F79EFBC}") = "ValoresEspeciais", "ValoresEspeciais\ValoresEspeciais.csproj", "{D590AB9C-ADC5-4079-BE2D-A6B0668CFD7B}"
EndProject
Global
	GlobalSection(SolutionConfigurationPlatforms) = preSolution
		Debug|Any CPU = Debug|Any CPU
		Release|Any CPU = Release|Any CPU
	EndGlobalSection
	GlobalSection(SolutionProperties) = preSolution
		HideSolutionNode = FALSE
	EndGlobalSection
	GlobalSection(ProjectConfigurationPlatforms) = postSolution
		{D6932D13-E8F4-43F9-AA3E-33910071FDC0}.Debug|Any CPU.ActiveCfg = Debug|Any CPU
		{D6932D13-E8F4-43F9-AA3E-33910071FDC0}.Debug|Any CPU.Build.0 = Debug|Any CPU
		{D6932D13-E8F4-43F9-AA3E-33910071FDC0}.Release|Any CPU.ActiveCfg = Release|Any CPU
		{D6932D13-E8F4-43F9-AA3E-33910071FDC0}.Release|Any CPU.Build.0 = Release|Any CPU
		{950BAF58-882F-40EB-9A60-5A63162EE1F5}.Debug|Any CPU.ActiveCfg = Debug|Any CPU
		{950BAF58-882F-40EB-9A60-5A63162EE1F5}.Debug|Any CPU.Build.0 = Debug|Any CPU
		{950BAF58-882F-40EB-9A60-5A63162EE1F5}.Release|Any CPU.ActiveCfg = Release|Any CPU
		{950BAF58-882F-40EB-9A60-5A63162EE1F5}.Release|Any CPU.Build.0 = Release|Any CPU
		{D590AB9C-ADC5-4079-BE2D-A6B0668CFD7B}.Debug|Any CPU.ActiveCfg = Debug|Any CPU
		{D590AB9C-ADC5-4079-BE2D-A6B0668CFD7B}.Debug|Any CPU.Build.0 = Debug|Any CPU
		{D590AB9C-ADC5-4079-BE2D-A6B0668CFD7B}.Release|Any CPU.ActiveCfg = Release|Any CPU
		{D590AB9C-ADC5-4079-BE2D-A6B0668CFD7B}.Release|Any CPU.Build.0 = Release|Any CPU
	EndGlobalSection
EndGlobal
